
Microsoft Visual Studio Solution File, Format Version 12.00
# Visual Studio Version 16
VisualStudioVersion = 16.0.33423.256
MinimumVisualStudioVersion = 10.0.40219.1
Project("{888888A0-9F3D-457C-B088-3A5042F75D52}") = "Practice", "Practice\Practice.pyproj", "{F5296AA0-C50D-4631-A23D-00A232AF49D9}"
EndProject
Global
	GlobalSection(SolutionConfigurationPlatforms) = preSolution
		Debug|Any CPU = Debug|Any CPU
		Release|Any CPU = Release|Any CPU
	EndGlobalSection
	GlobalSection(ProjectConfigurationPlatforms) = postSolution
		{F5296AA0-C50D-4631-A23D-00A232AF49D9}.Debug|Any CPU.ActiveCfg = Debug|Any CPU
		{F5296AA0-C50D-4631-A23D-00A232AF49D9}.Release|Any CPU.ActiveCfg = Release|Any CPU
	EndGlobalSection
	GlobalSection(SolutionProperties) = preSolution
		HideSolutionNode = FALSE
	EndGlobalSection
	GlobalSection(ExtensibilityGlobals) = postSolution
		SolutionGuid = {9BFFB063-7C12-4EFE-8C1C-F33664C92DEF}
	EndGlobalSection
EndGlobal
